
Microsoft Visual Studio Solution File, Format Version 12.00
# Visual Studio Version 17
VisualStudioVersion = 17.11.35222.181
MinimumVisualStudioVersion = 10.0.40219.1
Project("{9A19103F-16F7-4668-BE54-9A1E7A4F7556}") = "Pedido", "ComexApi\Pedido.csproj", "{08839FE2-5734-48EF-AB68-59C4B704DC8F}"
EndProject
Project("{FAE04EC0-301F-11D3-BF4B-00C04F79EFBC}") = "Estoque", "Pedido\Estoque.csproj", "{AF20F494-6863-4543-B6C1-6DCBA28FC4E0}"
EndProject
Global
	GlobalSection(SolutionConfigurationPlatforms) = preSolution
		Debug|Any CPU = Debug|Any CPU
		Release|Any CPU = Release|Any CPU
	EndGlobalSection
	GlobalSection(ProjectConfigurationPlatforms) = postSolution
		{08839FE2-5734-48EF-AB68-59C4B704DC8F}.Debug|Any CPU.ActiveCfg = Debug|Any CPU
		{08839FE2-5734-48EF-AB68-59C4B704DC8F}.Debug|Any CPU.Build.0 = Debug|Any CPU
		{08839FE2-5734-48EF-AB68-59C4B704DC8F}.Release|Any CPU.ActiveCfg = Release|Any CPU
		{08839FE2-5734-48EF-AB68-59C4B704DC8F}.Release|Any CPU.Build.0 = Release|Any CPU
		{AF20F494-6863-4543-B6C1-6DCBA28FC4E0}.Debug|Any CPU.ActiveCfg = Debug|Any CPU
		{AF20F494-6863-4543-B6C1-6DCBA28FC4E0}.Debug|Any CPU.Build.0 = Debug|Any CPU
		{AF20F494-6863-4543-B6C1-6DCBA28FC4E0}.Release|Any CPU.ActiveCfg = Release|Any CPU
		{AF20F494-6863-4543-B6C1-6DCBA28FC4E0}.Release|Any CPU.Build.0 = Release|Any CPU
	EndGlobalSection
	GlobalSection(SolutionProperties) = preSolution
		HideSolutionNode = FALSE
	EndGlobalSection
	GlobalSection(ExtensibilityGlobals) = postSolution
		SolutionGuid = {0F1DE2CD-61B1-4E8D-AE17-5D7940810663}
	EndGlobalSection
EndGlobal
